# This file was autogenerated by Stack.
# You should not edit this file by hand.
# For more information, please see the documentation at:
#   https://docs.haskellstack.org/en/stable/lock_files

packages:
- completed:
    hackage: env-guard-0.2@sha256:4251503bde7549e267bd307f4b293c8c0ac48c6585968108e3e3fc5a3cfbb179,1312
    pantry-tree:
      sha256: 8775e6e349155fefc70b1d81394657dd1f2b85865125f7cf8d235c93dd8add89
      size: 419
  original:
    hackage: env-guard-0.2@sha256:4251503bde7549e267bd307f4b293c8c0ac48c6585968108e3e3fc5a3cfbb179,1312
snapshots:
- completed:
    sha256: daa5917e1e6ded1c5712023469083c25a71af66bc23069db3dc77764f9d3b052
    size: 658339
    url: https://raw.githubusercontent.com/commercialhaskell/stackage-snapshots/master/nightly/2025/3/11.yaml
  original: nightly-2025-03-11
